
Microsoft Visual Studio Solution File, Format Version 12.00
# Visual Studio 15
VisualStudioVersion = 15.0.28307.271
MinimumVisualStudioVersion = 10.0.40219.1
Project("{2150E333-8FDC-42A3-9474-1A3956D46DE8}") = "Class Libraries", "Class Libraries", "{A8C71DE7-9AF9-4930-A1AA-9E3CD44B2A2D}"
EndProject
Project("{2150E333-8FDC-42A3-9474-1A3956D46DE8}") = "WPF", "WPF", "{0D655F24-F6C6-47CF-BF1F-352152F3EB8F}"
EndProject
Project("{2150E333-8FDC-42A3-9474-1A3956D46DE8}") = "WCF", "WCF", "{D30CFCD1-4C92-4D7C-9179-656D8A307C5F}"
EndProject
Project("{2150E333-8FDC-42A3-9474-1A3956D46DE8}") = "NETCore", "NETCore", "{635201DF-2DBE-4112-AFF5-2982D3395AD3}"
EndProject
Project("{FAE04EC0-301F-11D3-BF4B-00C04F79EFBC}") = "MainApp", "WPF\MainApp\MainApp.csproj", "{2DA2EB9C-2578-49D3-AB3A-757576ADDE93}"
EndProject
Project("{FAE04EC0-301F-11D3-BF4B-00C04F79EFBC}") = "MessageService", "WCF\MessageService\MessageService.csproj", "{3DE58F90-C852-4E8B-97AB-0DB866CFE037}"
EndProject
Project("{9A19103F-16F7-4668-BE54-9A1E7A4F7556}") = "WebApp.NETCore", "NETCore\WebApp.NETCore\WebApp.NETCore.csproj", "{04B92736-0E88-4B3D-8EF0-6EC5A002FFE8}"
EndProject
Project("{FAE04EC0-301F-11D3-BF4B-00C04F79EFBC}") = "Models", "Class Libraries\Models\Models.csproj", "{D10D85CD-BEA6-4A92-A1FB-D950C1BBC2FA}"
EndProject
Global
	GlobalSection(SolutionConfigurationPlatforms) = preSolution
		Debug|Any CPU = Debug|Any CPU
		Release|Any CPU = Release|Any CPU
	EndGlobalSection
	GlobalSection(ProjectConfigurationPlatforms) = postSolution
		{2DA2EB9C-2578-49D3-AB3A-757576ADDE93}.Debug|Any CPU.ActiveCfg = Debug|Any CPU
		{2DA2EB9C-2578-49D3-AB3A-757576ADDE93}.Debug|Any CPU.Build.0 = Debug|Any CPU
		{2DA2EB9C-2578-49D3-AB3A-757576ADDE93}.Release|Any CPU.ActiveCfg = Release|Any CPU
		{2DA2EB9C-2578-49D3-AB3A-757576ADDE93}.Release|Any CPU.Build.0 = Release|Any CPU
		{3DE58F90-C852-4E8B-97AB-0DB866CFE037}.Debug|Any CPU.ActiveCfg = Debug|Any CPU
		{3DE58F90-C852-4E8B-97AB-0DB866CFE037}.Debug|Any CPU.Build.0 = Debug|Any CPU
		{3DE58F90-C852-4E8B-97AB-0DB866CFE037}.Release|Any CPU.ActiveCfg = Release|Any CPU
		{3DE58F90-C852-4E8B-97AB-0DB866CFE037}.Release|Any CPU.Build.0 = Release|Any CPU
		{04B92736-0E88-4B3D-8EF0-6EC5A002FFE8}.Debug|Any CPU.ActiveCfg = Debug|Any CPU
		{04B92736-0E88-4B3D-8EF0-6EC5A002FFE8}.Debug|Any CPU.Build.0 = Debug|Any CPU
		{04B92736-0E88-4B3D-8EF0-6EC5A002FFE8}.Release|Any CPU.ActiveCfg = Release|Any CPU
		{04B92736-0E88-4B3D-8EF0-6EC5A002FFE8}.Release|Any CPU.Build.0 = Release|Any CPU
		{D10D85CD-BEA6-4A92-A1FB-D950C1BBC2FA}.Debug|Any CPU.ActiveCfg = Debug|Any CPU
		{D10D85CD-BEA6-4A92-A1FB-D950C1BBC2FA}.Debug|Any CPU.Build.0 = Debug|Any CPU
		{D10D85CD-BEA6-4A92-A1FB-D950C1BBC2FA}.Release|Any CPU.ActiveCfg = Release|Any CPU
		{D10D85CD-BEA6-4A92-A1FB-D950C1BBC2FA}.Release|Any CPU.Build.0 = Release|Any CPU
	EndGlobalSection
	GlobalSection(SolutionProperties) = preSolution
		HideSolutionNode = FALSE
	EndGlobalSection
	GlobalSection(NestedProjects) = preSolution
		{2DA2EB9C-2578-49D3-AB3A-757576ADDE93} = {0D655F24-F6C6-47CF-BF1F-352152F3EB8F}
		{3DE58F90-C852-4E8B-97AB-0DB866CFE037} = {D30CFCD1-4C92-4D7C-9179-656D8A307C5F}
		{04B92736-0E88-4B3D-8EF0-6EC5A002FFE8} = {635201DF-2DBE-4112-AFF5-2982D3395AD3}
		{D10D85CD-BEA6-4A92-A1FB-D950C1BBC2FA} = {A8C71DE7-9AF9-4930-A1AA-9E3CD44B2A2D}
	EndGlobalSection
	GlobalSection(ExtensibilityGlobals) = postSolution
		SolutionGuid = {52D811AE-891A-4562-ABDB-C14656613FFD}
	EndGlobalSection
	GlobalSection(TeamFoundationVersionControl) = preSolution
		SccNumberOfProjects = 5
		SccEnterpriseProvider = {4CA58AB2-18FA-4F8D-95D4-32DDF27D184C}
		SccTeamFoundationServer = https://dev.azure.com/domagojkristov
		SccLocalPath0 = .
		SccProjectUniqueName1 = WPF\\MainApp\\MainApp.csproj
		SccProjectTopLevelParentUniqueName1 = AppSolution.sln
		SccProjectName1 = WPF/MainApp
		SccLocalPath1 = WPF\\MainApp
		SccProjectUniqueName2 = WCF\\MessageService\\MessageService.csproj
		SccProjectTopLevelParentUniqueName2 = AppSolution.sln
		SccProjectName2 = WCF/MessageService
		SccLocalPath2 = WCF\\MessageService
		SccProjectUniqueName3 = NETCore\\WebApp.NETCore\\WebApp.NETCore.csproj
		SccProjectTopLevelParentUniqueName3 = AppSolution.sln
		SccProjectName3 = NETCore/WebApp.NETCore
		SccLocalPath3 = NETCore\\WebApp.NETCore
		SccProjectUniqueName4 = Class\u0020Libraries\\Models\\Models.csproj
		SccProjectTopLevelParentUniqueName4 = AppSolution.sln
		SccProjectName4 = Class\u0020Libraries/Models
		SccLocalPath4 = Class\u0020Libraries\\Models
	EndGlobalSection
EndGlobal
